
Microsoft Visual Studio Solution File, Format Version 12.00
# Visual Studio Version 16
VisualStudioVersion = 16.0.31624.102
MinimumVisualStudioVersion = 10.0.40219.1
Project("{FAE04EC0-301F-11D3-BF4B-00C04F79EFBC}") = "BTL_QLBT", "BTL_QLBT\BTL_QLBT.csproj", "{F10A9A9E-8429-4F85-8EE5-149ACD0145B9}"
EndProject
Global
	GlobalSection(SolutionConfigurationPlatforms) = preSolution
		Debug|Any CPU = Debug|Any CPU
		Release|Any CPU = Release|Any CPU
	EndGlobalSection
	GlobalSection(ProjectConfigurationPlatforms) = postSolution
		{F10A9A9E-8429-4F85-8EE5-149ACD0145B9}.Debug|Any CPU.ActiveCfg = Debug|Any CPU
		{F10A9A9E-8429-4F85-8EE5-149ACD0145B9}.Debug|Any CPU.Build.0 = Debug|Any CPU
		{F10A9A9E-8429-4F85-8EE5-149ACD0145B9}.Release|Any CPU.ActiveCfg = Release|Any CPU
		{F10A9A9E-8429-4F85-8EE5-149ACD0145B9}.Release|Any CPU.Build.0 = Release|Any CPU
	EndGlobalSection
	GlobalSection(SolutionProperties) = preSolution
		HideSolutionNode = FALSE
	EndGlobalSection
	GlobalSection(ExtensibilityGlobals) = postSolution
		SolutionGuid = {BB54C00C-CFF5-4593-B5D4-888EFC184612}
	EndGlobalSection
EndGlobal
